{
  "name": "server",
  "version": "1.0.0",
  "lockfileVersion": 2,
  "requires": true,
  "packages": {
    "": {
      "name": "server",
      "version": "1.0.0",
      "license": "ISC",
      "dependencies": {
        "@fastify/cors": "^8.1.0",
        "fastify": "^4.5.3",
        "ts-node": "^10.9.1"
      },
      "devDependencies": {
        "@prisma/client": "^4.1.1",
        "@types/node": "^18.7.14",
        "prisma": "^4.1.1",
        "typescript": "^4.8.2"
      }
    },
    "node_modules/@cspotcode/source-map-support": {
      "version": "0.8.1",
      "license": "MIT",
      "dependencies": {
        "@jridgewell/trace-mapping": "0.3.9"
      },
      "engines": {
        "node": ">=12"
      }
    },
    "node_modules/@fastify/ajv-compiler": {
      "version": "3.2.0",
      "license": "MIT",
      "dependencies": {
        "ajv": "^8.10.0",
        "ajv-formats": "^2.1.1",
        "fast-uri": "^2.0.0"
      }
    },
    "node_modules/@fastify/cors": {
      "version": "8.1.0",
      "license": "MIT",
      "dependencies": {
        "fastify-plugin": "^4.0.0",
        "mnemonist": "0.39.2"
      }
    },
    "node_modules/@fastify/deepmerge": {
      "version": "1.1.0",
      "license": "MIT"
    },
    "node_modules/@fastify/error": {
      "version": "3.0.0",
      "license": "MIT"
    },
    "node_modules/@fastify/fast-json-stringify-compiler": {
      "version": "4.1.0",
      "license": "MIT",
      "dependencies": {
        "fast-json-stringify": "^5.0.0"
      }
    },
    "node_modules/@jridgewell/resolve-uri": {
      "version": "3.1.0",
      "license": "MIT",
      "engines": {
        "node": ">=6.0.0"
      }
    },
    "node_modules/@jridgewell/sourcemap-codec": {
      "version": "1.4.14",
      "license": "MIT"
    },
    "node_modules/@jridgewell/trace-mapping": {
      "version": "0.3.9",
      "license": "MIT",
      "dependencies": {
        "@jridgewell/resolve-uri": "^3.0.3",
        "@jridgewell/sourcemap-codec": "^1.4.10"
      }
    },
    "node_modules/@prisma/client": {
      "version": "4.3.0",
      "dev": true,
      "hasInstallScript": true,
      "license": "Apache-2.0",
      "dependencies": {
        "@prisma/engines-version": "4.3.0-32.c875e43600dfe042452e0b868f7a48b817b9640b"
      },
      "engines": {
        "node": ">=14.17"
      },
      "peerDependencies": {
        "prisma": "*"
      },
      "peerDependenciesMeta": {
        "prisma": {
          "optional": true
        }
      }
    },
    "node_modules/@prisma/engines": {
      "version": "4.3.0",
      "dev": true,
      "hasInstallScript": true,
      "license": "Apache-2.0"
    },
    "node_modules/@prisma/engines-version": {
      "version": "4.3.0-32.c875e43600dfe042452e0b868f7a48b817b9640b",
      "dev": true,
      "license": "Apache-2.0"
    },
    "node_modules/@tsconfig/node10": {
      "version": "1.0.9",
      "license": "MIT"
    },
    "node_modules/@tsconfig/node12": {
      "version": "1.0.11",
      "license": "MIT"
    },
    "node_modules/@tsconfig/node14": {
      "version": "1.0.3",
      "license": "MIT"
    },
    "node_modules/@tsconfig/node16": {
      "version": "1.0.3",
      "license": "MIT"
    },
    "node_modules/@types/node": {
      "version": "18.7.14",
      "license": "MIT"
    },
    "node_modules/abort-controller": {
      "version": "3.0.0",
      "license": "MIT",
      "dependencies": {
        "event-target-shim": "^5.0.0"
      },
      "engines": {
        "node": ">=6.5"
      }
    },
    "node_modules/abstract-logging": {
      "version": "2.0.1",
      "license": "MIT"
    },
    "node_modules/acorn": {
      "version": "8.8.0",
      "license": "MIT",
      "bin": {
        "acorn": "bin/acorn"
      },
      "engines": {
        "node": ">=0.4.0"
      }
    },
    "node_modules/acorn-walk": {
      "version": "8.2.0",
      "license": "MIT",
      "engines": {
        "node": ">=0.4.0"
      }
    },
    "node_modules/ajv": {
      "version": "8.11.0",
      "license": "MIT",
      "dependencies": {
        "fast-deep-equal": "^3.1.1",
        "json-schema-traverse": "^1.0.0",
        "require-from-string": "^2.0.2",
        "uri-js": "^4.2.2"
      },
      "funding": {
        "type": "github",
        "url": "https://github.com/sponsors/epoberezkin"
      }
    },
    "node_modules/ajv-formats": {
      "version": "2.1.1",
      "license": "MIT",
      "dependencies": {
        "ajv": "^8.0.0"
      },
      "peerDependencies": {
        "ajv": "^8.0.0"
      },
      "peerDependenciesMeta": {
        "ajv": {
          "optional": true
        }
      }
    },
    "node_modules/archy": {
      "version": "1.0.0",
      "license": "MIT"
    },
    "node_modules/arg": {
      "version": "4.1.3",
      "license": "MIT"
    },
    "node_modules/atomic-sleep": {
      "version": "1.0.0",
      "license": "MIT",
      "engines": {
        "node": ">=8.0.0"
      }
    },
    "node_modules/avvio": {
      "version": "8.2.0",
      "license": "MIT",
      "dependencies": {
        "archy": "^1.0.0",
        "debug": "^4.0.0",
        "fastq": "^1.6.1"
      }
    },
    "node_modules/cookie": {
      "version": "0.5.0",
      "license": "MIT",
      "engines": {
        "node": ">= 0.6"
      }
    },
    "node_modules/create-require": {
      "version": "1.1.1",
      "license": "MIT"
    },
    "node_modules/debug": {
      "version": "4.3.4",
      "license": "MIT",
      "dependencies": {
        "ms": "2.1.2"
      },
      "engines": {
        "node": ">=6.0"
      },
      "peerDependenciesMeta": {
        "supports-color": {
          "optional": true
        }
      }
    },
    "node_modules/diff": {
      "version": "4.0.2",
      "license": "BSD-3-Clause",
      "engines": {
        "node": ">=0.3.1"
      }
    },
    "node_modules/event-target-shim": {
      "version": "5.0.1",
      "license": "MIT",
      "engines": {
        "node": ">=6"
      }
    },
    "node_modules/fast-deep-equal": {
      "version": "3.1.3",
      "license": "MIT"
    },
    "node_modules/fast-json-stringify": {
      "version": "5.2.0",
      "license": "MIT",
      "dependencies": {
        "@fastify/deepmerge": "^1.0.0",
        "ajv": "^8.10.0",
        "ajv-formats": "^2.1.1",
        "fast-deep-equal": "^3.1.3",
        "fast-uri": "^2.1.0",
        "rfdc": "^1.2.0"
      }
    },
    "node_modules/fast-redact": {
      "version": "3.1.2",
      "license": "MIT",
      "engines": {
        "node": ">=6"
      }
    },
    "node_modules/fast-uri": {
      "version": "2.1.0",
      "license": "MIT"
    },
    "node_modules/fastify": {
      "version": "4.5.3",
      "license": "MIT",
      "dependencies": {
        "@fastify/ajv-compiler": "^3.1.1",
        "@fastify/error": "^3.0.0",
        "@fastify/fast-json-stringify-compiler": "^4.0.0",
        "abstract-logging": "^2.0.1",
        "avvio": "^8.1.3",
        "find-my-way": "^7.0.0",
        "light-my-request": "^5.5.1",
        "pino": "^8.0.0",
        "process-warning": "^2.0.0",
        "proxy-addr": "^2.0.7",
        "rfdc": "^1.3.0",
        "secure-json-parse": "^2.4.0",
        "semver": "^7.3.7",
        "tiny-lru": "^8.0.2"
      }
    },
    "node_modules/fastify-plugin": {
      "version": "4.2.1",
      "license": "MIT"
    },
    "node_modules/fastq": {
      "version": "1.13.0",
      "license": "ISC",
      "dependencies": {
        "reusify": "^1.0.4"
      }
    },
    "node_modules/find-my-way": {
      "version": "7.0.1",
      "license": "MIT",
      "dependencies": {
        "fast-deep-equal": "^3.1.3",
        "safe-regex2": "^2.0.0"
      },
      "engines": {
        "node": ">=14"
      }
    },
    "node_modules/forwarded": {
      "version": "0.2.0",
      "license": "MIT",
      "engines": {
        "node": ">= 0.6"
      }
    },
    "node_modules/ipaddr.js": {
      "version": "1.9.1",
      "license": "MIT",
      "engines": {
        "node": ">= 0.10"
      }
    },
    "node_modules/json-schema-traverse": {
      "version": "1.0.0",
      "license": "MIT"
    },
    "node_modules/light-my-request": {
      "version": "5.5.1",
      "license": "BSD-3-Clause",
      "dependencies": {
        "cookie": "^0.5.0",
        "process-warning": "^2.0.0",
        "set-cookie-parser": "^2.4.1"
      }
    },
    "node_modules/lru-cache": {
      "version": "6.0.0",
      "license": "ISC",
      "dependencies": {
        "yallist": "^4.0.0"
      },
      "engines": {
        "node": ">=10"
      }
    },
    "node_modules/make-error": {
      "version": "1.3.6",
      "license": "ISC"
    },
    "node_modules/mnemonist": {
      "version": "0.39.2",
      "license": "MIT",
      "dependencies": {
        "obliterator": "^2.0.1"
      }
    },
    "node_modules/ms": {
      "version": "2.1.2",
      "license": "MIT"
    },
    "node_modules/obliterator": {
      "version": "2.0.4",
      "license": "MIT"
    },
    "node_modules/on-exit-leak-free": {
      "version": "2.1.0",
      "license": "MIT"
    },
    "node_modules/pino": {
      "version": "8.4.2",
      "license": "MIT",
      "dependencies": {
        "atomic-sleep": "^1.0.0",
        "fast-redact": "^3.1.1",
        "on-exit-leak-free": "^2.1.0",
        "pino-abstract-transport": "v1.0.0",
        "pino-std-serializers": "^6.0.0",
        "process-warning": "^2.0.0",
        "quick-format-unescaped": "^4.0.3",
        "real-require": "^0.2.0",
        "safe-stable-stringify": "^2.3.1",
        "sonic-boom": "^3.1.0",
        "thread-stream": "^2.0.0"
      },
      "bin": {
        "pino": "bin.js"
      }
    },
    "node_modules/pino-abstract-transport": {
      "version": "1.0.0",
      "license": "MIT",
      "dependencies": {
        "readable-stream": "^4.0.0",
        "split2": "^4.0.0"
      }
    },
    "node_modules/pino-std-serializers": {
      "version": "6.0.0",
      "license": "MIT"
    },
    "node_modules/prisma": {
      "version": "4.3.0",
      "dev": true,
      "hasInstallScript": true,
      "license": "Apache-2.0",
      "dependencies": {
        "@prisma/engines": "4.3.0"
      },
      "bin": {
        "prisma": "build/index.js",
        "prisma2": "build/index.js"
      },
      "engines": {
        "node": ">=14.17"
      }
    },
    "node_modules/process-warning": {
      "version": "2.0.0",
      "license": "MIT"
    },
    "node_modules/proxy-addr": {
      "version": "2.0.7",
      "license": "MIT",
      "dependencies": {
        "forwarded": "0.2.0",
        "ipaddr.js": "1.9.1"
      },
      "engines": {
        "node": ">= 0.10"
      }
    },
    "node_modules/punycode": {
      "version": "2.1.1",
      "license": "MIT",
      "engines": {
        "node": ">=6"
      }
    },
    "node_modules/quick-format-unescaped": {
      "version": "4.0.4",
      "license": "MIT"
    },
    "node_modules/readable-stream": {
      "version": "4.1.0",
      "license": "MIT",
      "dependencies": {
        "abort-controller": "^3.0.0"
      },
      "engines": {
        "node": "^12.22.0 || ^14.17.0 || >=16.0.0"
      }
    },
    "node_modules/real-require": {
      "version": "0.2.0",
      "license": "MIT",
      "engines": {
        "node": ">= 12.13.0"
      }
    },
    "node_modules/require-from-string": {
      "version": "2.0.2",
      "license": "MIT",
      "engines": {
        "node": ">=0.10.0"
      }
    },
    "node_modules/ret": {
      "version": "0.2.2",
      "license": "MIT",
      "engines": {
        "node": ">=4"
      }
    },
    "node_modules/reusify": {
      "version": "1.0.4",
      "license": "MIT",
      "engines": {
        "iojs": ">=1.0.0",
        "node": ">=0.10.0"
      }
    },
    "node_modules/rfdc": {
      "version": "1.3.0",
      "license": "MIT"
    },
    "node_modules/safe-regex2": {
      "version": "2.0.0",
      "license": "MIT",
      "dependencies": {
        "ret": "~0.2.0"
      }
    },
    "node_modules/safe-stable-stringify": {
      "version": "2.3.1",
      "license": "MIT",
      "engines": {
        "node": ">=10"
      }
    },
    "node_modules/secure-json-parse": {
      "version": "2.5.0",
      "license": "BSD-3-Clause"
    },
    "node_modules/semver": {
      "version": "7.3.7",
      "license": "ISC",
      "dependencies": {
        "lru-cache": "^6.0.0"
      },
      "bin": {
        "semver": "bin/semver.js"
      },
      "engines": {
        "node": ">=10"
      }
    },
    "node_modules/set-cookie-parser": {
      "version": "2.5.1",
      "license": "MIT"
    },
    "node_modules/sonic-boom": {
      "version": "3.2.0",
      "license": "MIT",
      "dependencies": {
        "atomic-sleep": "^1.0.0"
      }
    },
    "node_modules/split2": {
      "version": "4.1.0",
      "license": "ISC",
      "engines": {
        "node": ">= 10.x"
      }
    },
    "node_modules/thread-stream": {
      "version": "2.1.0",
      "license": "MIT",
      "dependencies": {
        "real-require": "^0.2.0"
      }
    },
    "node_modules/tiny-lru": {
      "version": "8.0.2",
      "license": "BSD-3-Clause",
      "engines": {
        "node": ">=6"
      }
    },
    "node_modules/ts-node": {
      "version": "10.9.1",
      "license": "MIT",
      "dependencies": {
        "@cspotcode/source-map-support": "^0.8.0",
        "@tsconfig/node10": "^1.0.7",
        "@tsconfig/node12": "^1.0.7",
        "@tsconfig/node14": "^1.0.0",
        "@tsconfig/node16": "^1.0.2",
        "acorn": "^8.4.1",
        "acorn-walk": "^8.1.1",
        "arg": "^4.1.0",
        "create-require": "^1.1.0",
        "diff": "^4.0.1",
        "make-error": "^1.1.1",
        "v8-compile-cache-lib": "^3.0.1",
        "yn": "3.1.1"
      },
      "bin": {
        "ts-node": "dist/bin.js",
        "ts-node-cwd": "dist/bin-cwd.js",
        "ts-node-esm": "dist/bin-esm.js",
        "ts-node-script": "dist/bin-script.js",
        "ts-node-transpile-only": "dist/bin-transpile.js",
        "ts-script": "dist/bin-script-deprecated.js"
      },
      "peerDependencies": {
        "@swc/core": ">=1.2.50",
        "@swc/wasm": ">=1.2.50",
        "@types/node": "*",
        "typescript": ">=2.7"
      },
      "peerDependenciesMeta": {
        "@swc/core": {
          "optional": true
        },
        "@swc/wasm": {
          "optional": true
        }
      }
    },
    "node_modules/typescript": {
      "version": "4.8.2",
      "license": "Apache-2.0",
      "bin": {
        "tsc": "bin/tsc",
        "tsserver": "bin/tsserver"
      },
      "engines": {
        "node": ">=4.2.0"
      }
    },
    "node_modules/uri-js": {
      "version": "4.4.1",
      "license": "BSD-2-Clause",
      "dependencies": {
        "punycode": "^2.1.0"
      }
    },
    "node_modules/v8-compile-cache-lib": {
      "version": "3.0.1",
      "license": "MIT"
    },
    "node_modules/yallist": {
      "version": "4.0.0",
      "license": "ISC"
    },
    "node_modules/yn": {
      "version": "3.1.1",
      "license": "MIT",
      "engines": {
        "node": ">=6"
      }
    }
  },
  "dependencies": {
    "@cspotcode/source-map-support": {
      "version": "0.8.1",
      "requires": {
        "@jridgewell/trace-mapping": "0.3.9"
      }
    },
    "@fastify/ajv-compiler": {
      "version": "3.2.0",
      "requires": {
        "ajv": "^8.10.0",
        "ajv-formats": "^2.1.1",
        "fast-uri": "^2.0.0"
      }
    },
    "@fastify/cors": {
      "version": "8.1.0",
      "requires": {
        "fastify-plugin": "^4.0.0",
        "mnemonist": "0.39.2"
      }
    },
    "@fastify/deepmerge": {
      "version": "1.1.0"
    },
    "@fastify/error": {
      "version": "3.0.0"
    },
    "@fastify/fast-json-stringify-compiler": {
      "version": "4.1.0",
      "requires": {
        "fast-json-stringify": "^5.0.0"
      }
    },
    "@jridgewell/resolve-uri": {
      "version": "3.1.0"
    },
    "@jridgewell/sourcemap-codec": {
      "version": "1.4.14"
    },
    "@jridgewell/trace-mapping": {
      "version": "0.3.9",
      "requires": {
        "@jridgewell/resolve-uri": "^3.0.3",
        "@jridgewell/sourcemap-codec": "^1.4.10"
      }
    },
    "@prisma/client": {
      "version": "4.3.0",
      "dev": true,
      "requires": {
        "@prisma/engines-version": "4.3.0-32.c875e43600dfe042452e0b868f7a48b817b9640b"
      }
    },
    "@prisma/engines": {
      "version": "4.3.0",
      "dev": true
    },
    "@prisma/engines-version": {
      "version": "4.3.0-32.c875e43600dfe042452e0b868f7a48b817b9640b",
      "dev": true
    },
    "@tsconfig/node10": {
      "version": "1.0.9"
    },
    "@tsconfig/node12": {
      "version": "1.0.11"
    },
    "@tsconfig/node14": {
      "version": "1.0.3"
    },
    "@tsconfig/node16": {
      "version": "1.0.3"
    },
    "@types/node": {
      "version": "18.7.14"
    },
    "abort-controller": {
      "version": "3.0.0",
      "requires": {
        "event-target-shim": "^5.0.0"
      }
    },
    "abstract-logging": {
      "version": "2.0.1"
    },
    "acorn": {
      "version": "8.8.0"
    },
    "acorn-walk": {
      "version": "8.2.0"
    },
    "ajv": {
      "version": "8.11.0",
      "requires": {
        "fast-deep-equal": "^3.1.1",
        "json-schema-traverse": "^1.0.0",
        "require-from-string": "^2.0.2",
        "uri-js": "^4.2.2"
      }
    },
    "ajv-formats": {
      "version": "2.1.1",
      "requires": {
        "ajv": "^8.0.0"
      }
    },
    "archy": {
      "version": "1.0.0"
    },
    "arg": {
      "version": "4.1.3"
    },
    "atomic-sleep": {
      "version": "1.0.0"
    },
    "avvio": {
      "version": "8.2.0",
      "requires": {
        "archy": "^1.0.0",
        "debug": "^4.0.0",
        "fastq": "^1.6.1"
      }
    },
    "cookie": {
      "version": "0.5.0"
    },
    "create-require": {
      "version": "1.1.1"
    },
    "debug": {
      "version": "4.3.4",
      "requires": {
        "ms": "2.1.2"
      }
    },
    "diff": {
      "version": "4.0.2"
    },
    "event-target-shim": {
      "version": "5.0.1"
    },
    "fast-deep-equal": {
      "version": "3.1.3"
    },
    "fast-json-stringify": {
      "version": "5.2.0",
      "requires": {
        "@fastify/deepmerge": "^1.0.0",
        "ajv": "^8.10.0",
        "ajv-formats": "^2.1.1",
        "fast-deep-equal": "^3.1.3",
        "fast-uri": "^2.1.0",
        "rfdc": "^1.2.0"
      }
    },
    "fast-redact": {
      "version": "3.1.2"
    },
    "fast-uri": {
      "version": "2.1.0"
    },
    "fastify": {
      "version": "4.5.3",
      "requires": {
        "@fastify/ajv-compiler": "^3.1.1",
        "@fastify/error": "^3.0.0",
        "@fastify/fast-json-stringify-compiler": "^4.0.0",
        "abstract-logging": "^2.0.1",
        "avvio": "^8.1.3",
        "find-my-way": "^7.0.0",
        "light-my-request": "^5.5.1",
        "pino": "^8.0.0",
        "process-warning": "^2.0.0",
        "proxy-addr": "^2.0.7",
        "rfdc": "^1.3.0",
        "secure-json-parse": "^2.4.0",
        "semver": "^7.3.7",
        "tiny-lru": "^8.0.2"
      }
    },
    "fastify-plugin": {
      "version": "4.2.1"
    },
    "fastq": {
      "version": "1.13.0",
      "requires": {
        "reusify": "^1.0.4"
      }
    },
    "find-my-way": {
      "version": "7.0.1",
      "requires": {
        "fast-deep-equal": "^3.1.3",
        "safe-regex2": "^2.0.0"
      }
    },
    "forwarded": {
      "version": "0.2.0"
    },
    "ipaddr.js": {
      "version": "1.9.1"
    },
    "json-schema-traverse": {
      "version": "1.0.0"
    },
    "light-my-request": {
      "version": "5.5.1",
      "requires": {
        "cookie": "^0.5.0",
        "process-warning": "^2.0.0",
        "set-cookie-parser": "^2.4.1"
      }
    },
    "lru-cache": {
      "version": "6.0.0",
      "requires": {
        "yallist": "^4.0.0"
      }
    },
    "make-error": {
      "version": "1.3.6"
    },
    "mnemonist": {
      "version": "0.39.2",
      "requires": {
        "obliterator": "^2.0.1"
      }
    },
    "ms": {
      "version": "2.1.2"
    },
    "obliterator": {
      "version": "2.0.4"
    },
    "on-exit-leak-free": {
      "version": "2.1.0"
    },
    "pino": {
      "version": "8.4.2",
      "requires": {
        "atomic-sleep": "^1.0.0",
        "fast-redact": "^3.1.1",
        "on-exit-leak-free": "^2.1.0",
        "pino-abstract-transport": "v1.0.0",
        "pino-std-serializers": "^6.0.0",
        "process-warning": "^2.0.0",
        "quick-format-unescaped": "^4.0.3",
        "real-require": "^0.2.0",
        "safe-stable-stringify": "^2.3.1",
        "sonic-boom": "^3.1.0",
        "thread-stream": "^2.0.0"
      }
    },
    "pino-abstract-transport": {
      "version": "1.0.0",
      "requires": {
        "readable-stream": "^4.0.0",
        "split2": "^4.0.0"
      }
    },
    "pino-std-serializers": {
      "version": "6.0.0"
    },
    "prisma": {
      "version": "4.3.0",
      "dev": true,
      "requires": {
        "@prisma/engines": "4.3.0"
      }
    },
    "process-warning": {
      "version": "2.0.0"
    },
    "proxy-addr": {
      "version": "2.0.7",
      "requires": {
        "forwarded": "0.2.0",
        "ipaddr.js": "1.9.1"
      }
    },
    "punycode": {
      "version": "2.1.1"
    },
    "quick-format-unescaped": {
      "version": "4.0.4"
    },
    "readable-stream": {
      "version": "4.1.0",
      "requires": {
        "abort-controller": "^3.0.0"
      }
    },
    "real-require": {
      "version": "0.2.0"
    },
    "require-from-string": {
      "version": "2.0.2"
    },
    "ret": {
      "version": "0.2.2"
    },
    "reusify": {
      "version": "1.0.4"
    },
    "rfdc": {
      "version": "1.3.0"
    },
    "safe-regex2": {
      "version": "2.0.0",
      "requires": {
        "ret": "~0.2.0"
      }
    },
    "safe-stable-stringify": {
      "version": "2.3.1"
    },
    "secure-json-parse": {
      "version": "2.5.0"
    },
    "semver": {
      "version": "7.3.7",
      "requires": {
        "lru-cache": "^6.0.0"
      }
    },
    "set-cookie-parser": {
      "version": "2.5.1"
    },
    "sonic-boom": {
      "version": "3.2.0",
      "requires": {
        "atomic-sleep": "^1.0.0"
      }
    },
    "split2": {
      "version": "4.1.0"
    },
    "thread-stream": {
      "version": "2.1.0",
      "requires": {
        "real-require": "^0.2.0"
      }
    },
    "tiny-lru": {
      "version": "8.0.2"
    },
    "ts-node": {
      "version": "10.9.1",
      "requires": {
        "@cspotcode/source-map-support": "^0.8.0",
        "@tsconfig/node10": "^1.0.7",
        "@tsconfig/node12": "^1.0.7",
        "@tsconfig/node14": "^1.0.0",
        "@tsconfig/node16": "^1.0.2",
        "acorn": "^8.4.1",
        "acorn-walk": "^8.1.1",
        "arg": "^4.1.0",
        "create-require": "^1.1.0",
        "diff": "^4.0.1",
        "make-error": "^1.1.1",
        "v8-compile-cache-lib": "^3.0.1",
        "yn": "3.1.1"
      }
    },
    "typescript": {
      "version": "4.8.2"
    },
    "uri-js": {
      "version": "4.4.1",
      "requires": {
        "punycode": "^2.1.0"
      }
    },
    "v8-compile-cache-lib": {
      "version": "3.0.1"
    },
    "yallist": {
      "version": "4.0.0"
    },
    "yn": {
      "version": "3.1.1"
    }
  }
}
